Microsoft Visual Studio Solution File, Format Version 12.00
# Visual Studio Version 17
VisualStudioVersion = 17.5.2.0
MinimumVisualStudioVersion = 10.0.40219.1
Project("{FAE04EC0-301F-11D3-BF4B-00C04F79EFBC}") = "TestSwaggerAPI", "TestSwaggerAPI.csproj", "{30ED471D-38BD-3B18-EE39-83EA3B53CA70}"
EndProject
Global
	GlobalSection(SolutionConfigurationPlatforms) = preSolution
		Debug|Any CPU = Debug|Any CPU
		Release|Any CPU = Release|Any CPU
	EndGlobalSection
	GlobalSection(ProjectConfigurationPlatforms) = postSolution
		{30ED471D-38BD-3B18-EE39-83EA3B53CA70}.Debug|Any CPU.ActiveCfg = Debug|Any CPU
		{30ED471D-38BD-3B18-EE39-83EA3B53CA70}.Debug|Any CPU.Build.0 = Debug|Any CPU
		{30ED471D-38BD-3B18-EE39-83EA3B53CA70}.Release|Any CPU.ActiveCfg = Release|Any CPU
		{30ED471D-38BD-3B18-EE39-83EA3B53CA70}.Release|Any CPU.Build.0 = Release|Any CPU
	EndGlobalSection
	GlobalSection(SolutionProperties) = preSolution
		HideSolutionNode = FALSE
	EndGlobalSection
	GlobalSection(ExtensibilityGlobals) = postSolution
		SolutionGuid = {706B7842-4291-48F9-9691-06E6D5272D17}
	EndGlobalSection
EndGlobal
